// !$*UTF8*$!
{
	archiveVersion = 1;
	classes = {
	};
	objectVersion = 50;
	objects = {

/* Begin PBXBuildFile section */
		889152DF223AC8AB00A094BC /* AppDelegate.swift in Sources */ = {isa = PBXBuildFile; fileRef = 889152DE223AC8AB00A094BC /* AppDelegate.swift */; };
		889152E1223AC8AB00A094BC /* MMHomeViewcontroller.swift in Sources */ = {isa = PBXBuildFile; fileRef = 889152E0223AC8AB00A094BC /* MMHomeViewcontroller.swift */; };
		889152E4223AC8AB00A094BC /* Main.storyboard in Resources */ = {isa = PBXBuildFile; fileRef = 889152E2223AC8AB00A094BC /* Main.storyboard */; };
		889152E6223AC8AD00A094BC /* Assets.xcassets in Resources */ = {isa = PBXBuildFile; fileRef = 889152E5223AC8AD00A094BC /* Assets.xcassets */; };
		889152E9223AC8AD00A094BC /* LaunchScreen.storyboard in Resources */ = {isa = PBXBuildFile; fileRef = 889152E7223AC8AD00A094BC /* LaunchScreen.storyboard */; };
		889152F2223AC91C00A094BC /* myBasicAnimation.swift in Sources */ = {isa = PBXBuildFile; fileRef = 889152F1223AC91C00A094BC /* myBasicAnimation.swift */; };
		889152F7223ACD3600A094BC /* MMJsonplaceholderManager.swift in Sources */ = {isa = PBXBuildFile; fileRef = 889152F6223ACD3600A094BC /* MMJsonplaceholderManager.swift */; };
/* End PBXBuildFile section */

/* Begin PBXFileReference section */
		889152DB223AC8AB00A094BC /* MediaMonksTest.app */ = {isa = PBXFileReference; explicitFileType = wrapper.application; includeInIndex = 0; path = MediaMonksTest.app; sourceTree = BUILT_PRODUCTS_DIR; };
		889152DE223AC8AB00A094BC /* AppDelegate.swift */ = {isa = PBXFileReference; lastKnownFileType = sourcecode.swift; path = AppDelegate.swift; sourceTree = "<group>"; };
		889152E0223AC8AB00A094BC /* MMHomeViewcontroller.swift */ = {isa = PBXFileReference; lastKnownFileType = sourcecode.swift; path = MMHomeViewcontroller.swift; sourceTree = "<group>"; };
		889152E3223AC8AB00A094BC /* Base */ = {isa = PBXFileReference; lastKnownFileType = file.storyboard; name = Base; path = Base.lproj/Main.storyboard; sourceTree = "<group>"; };
		889152E5223AC8AD00A094BC /* Assets.xcassets */ = {isa = PBXFileReference; lastKnownFileType = folder.assetcatalog; path = Assets.xcassets; sourceTree = "<group>"; };
		889152E8223AC8AD00A094BC /* Base */ = {isa = PBXFileReference; lastKnownFileType = file.storyboard; name = Base; path = Base.lproj/LaunchScreen.storyboard; sourceTree = "<group>"; };
		889152EA223AC8AD00A094BC /* Info.plist */ = {isa = PBXFileReference; lastKnownFileType = text.plist.xml; path = Info.plist; sourceTree = "<group>"; };
		889152F1223AC91C00A094BC /* myBasicAnimation.swift */ = {isa = PBXFileReference; lastKnownFileType = sourcecode.swift; path = myBasicAnimation.swift; sourceTree = "<group>"; };
		889152F6223ACD3600A094BC /* MMJsonplaceholderManager.swift */ = {isa = PBXFileReference; lastKnownFileType = sourcecode.swift; path = MMJsonplaceholderManager.swift; sourceTree = "<group>"; };
/* End PBXFileReference section */

/* Begin PBXFrameworksBuildPhase section */
		889152D8223AC8AB00A094BC /* Frameworks */ = {
			isa = PBXFrameworksBuildPhase;
			buildActionMask = 2147483647;
			files = (
			);
			runOnlyForDeploymentPostprocessing = 0;
		};
/* End PBXFrameworksBuildPhase section */

/* Begin PBXGroup section */
		889152D2223AC8AB00A094BC = {
			isa = PBXGroup;
			children = (
				889152DD223AC8AB00A094BC /* MediaMonksTest */,
				889152DC223AC8AB00A094BC /* Products */,
			);
			sourceTree = "<group>";
		};
		889152DC223AC8AB00A094BC /* Products */ = {
			isa = PBXGroup;
			children = (
				889152DB223AC8AB00A094BC /* MediaMonksTest.app */,
			);
			name = Products;
			sourceTree = "<group>";
		};
		889152DD223AC8AB00A094BC /* MediaMonksTest */ = {
			isa = PBXGroup;
			children = (
				889152DE223AC8AB00A094BC /* AppDelegate.swift */,
				889152F3223AC95D00A094BC /* Resources */,
				889152F0223AC90A00A094BC /* Common */,
				889152E5223AC8AD00A094BC /* Assets.xcassets */,
				889152E7223AC8AD00A094BC /* LaunchScreen.storyboard */,
				889152EA223AC8AD00A094BC /* Info.plist */,
			);
			path = MediaMonksTest;
			sourceTree = "<group>";
		};
		889152F0223AC90A00A094BC /* Common */ = {
			isa = PBXGroup;
			children = (
				889152F5223ACD1C00A094BC /* PlaceHolder */,
				889152F1223AC91C00A094BC /* myBasicAnimation.swift */,
			);
			path = Common;
			sourceTree = "<group>";
		};
		889152F3223AC95D00A094BC /* Resources */ = {
			isa = PBXGroup;
			children = (
				889152E2223AC8AB00A094BC /* Main.storyboard */,
				889152E0223AC8AB00A094BC /* MMHomeViewcontroller.swift */,
			);
			path = Resources;
			sourceTree = "<group>";
		};
		889152F5223ACD1C00A094BC /* PlaceHolder */ = {
			isa = PBXGroup;
			children = (
				889152F6223ACD3600A094BC /* MMJsonplaceholderManager.swift */,
			);
			path = PlaceHolder;
			sourceTree = "<group>";
		};
/* End PBXGroup section */

/* Begin PBXNativeTarget section */
		889152DA223AC8AB00A094BC /* MediaMonksTest */ = {
			isa = PBXNativeTarget;
			buildConfigurationList = 889152ED223AC8AD00A094BC /* Build configuration list for PBXNativeTarget "MediaMonksTest" */;
			buildPhases = (
				889152D7223AC8AB00A094BC /* Sources */,
				889152D8223AC8AB00A094BC /* Frameworks */,
				889152D9223AC8AB00A094BC /* Resources */,
			);
			buildRules = (
			);
			dependencies = (
			);
			name = MediaMonksTest;
			productName = MediaMonksTest;
			productReference = 889152DB223AC8AB00A094BC /* MediaMonksTest.app */;
			productType = "com.apple.product-type.application";
		};
/* End PBXNativeTarget section */

/* Begin PBXProject section */
		889152D3223AC8AB00A094BC /* Project object */ = {
			isa = PBXProject;
			attributes = {
				LastSwiftUpdateCheck = 1010;
				LastUpgradeCheck = 1010;
				ORGANIZATIONNAME = iMac;
				TargetAttributes = {
					889152DA223AC8AB00A094BC = {
						CreatedOnToolsVersion = 10.1;
					};
				};
			};
			buildConfigurationList = 889152D6223AC8AB00A094BC /* Build configuration list for PBXProject "MediaMonksTest" */;
			compatibilityVersion = "Xcode 9.3";
			developmentRegion = en;
			hasScannedForEncodings = 0;
			knownRegions = (
				en,
				Base,
			);
			mainGroup = 889152D2223AC8AB00A094BC;
			productRefGroup = 889152DC223AC8AB00A094BC /* Products */;
			projectDirPath = "";
			projectRoot = "";
			targets = (
				889152DA223AC8AB00A094BC /* MediaMonksTest */,
			);
		};
/* End PBXProject section */

/* Begin PBXResourcesBuildPhase section */
		889152D9223AC8AB00A094BC /* Resources */ = {
			isa = PBXResourcesBuildPhase;
			buildActionMask = 2147483647;
			files = (
				889152E9223AC8AD00A094BC /* LaunchScreen.storyboard in Resources */,
				889152E6223AC8AD00A094BC /* Assets.xcassets in Resources */,
				889152E4223AC8AB00A094BC /* Main.storyboard in Resources */,
			);
			runOnlyForDeploymentPostprocessing = 0;
		};
/* End PBXResourcesBuildPhase section */

/* Begin PBXSourcesBuildPhase section */
		889152D7223AC8AB00A094BC /* Sources */ = {
			isa = PBXSourcesBuildPhase;
			buildActionMask = 2147483647;
			files = (
				889152F2223AC91C00A094BC /* myBasicAnimation.swift in Sources */,
				889152E1223AC8AB00A094BC /* MMHomeViewcontroller.swift in Sources */,
				889152DF223AC8AB00A094BC /* AppDelegate.swift in Sources */,
				889152F7223ACD3600A094BC /* MMJsonplaceholderManager.swift in Sources */,
			);
			runOnlyForDeploymentPostprocessing = 0;
		};
/* End PBXSourcesBuildPhase section */

/* Begin PBXVariantGroup section */
		889152E2223AC8AB00A094BC /* Main.storyboard */ = {
			isa = PBXVariantGroup;
			children = (
				889152E3223AC8AB00A094BC /* Base */,
			);
			name = Main.storyboard;
			sourceTree = "<group>";
		};
		889152E7223AC8AD00A094BC /* LaunchScreen.storyboard */ = {
			isa = PBXVariantGroup;
			children = (
				889152E8223AC8AD00A094BC /* Base */,
			);
			name = LaunchScreen.storyboard;
			sourceTree = "<group>";
		};
/* End PBXVariantGroup section */

/* Begin XCBuildConfiguration section */
		889152EB223AC8AD00A094BC /* Debug */ = {
			isa = XCBuildConfiguration;
			buildSettings = {
				ALWAYS_SEARCH_USER_PATHS = NO;
				CLANG_ANALYZER_NONNULL = YES;
				CLANG_ANALYZER_NUMBER_OBJECT_CONVERSION = YES_AGGRESSIVE;
				CLANG_CXX_LANGUAGE_STANDARD = "gnu++14";
				CLANG_CXX_LIBRARY = "libc++";
				CLANG_ENABLE_MODULES = YES;
				CLANG_ENABLE_OBJC_ARC = YES;
				CLANG_ENABLE_OBJC_WEAK = YES;
				CLANG_WARN_BLOCK_CAPTURE_AUTORELEASING = YES;
				CLANG_WARN_BOOL_CONVERSION = YES;
				CLANG_WARN_COMMA = YES;
				CLANG_WARN_CONSTANT_CONVERSION = YES;
				CLANG_WARN_DEPRECATED_OBJC_IMPLEMENTATIONS = YES;
				CLANG_WARN_DIRECT_OBJC_ISA_USAGE = YES_ERROR;
				CLANG_WARN_DOCUMENTATION_COMMENTS = YES;
				CLANG_WARN_EMPTY_BODY = YES;
				CLANG_WARN_ENUM_CONVERSION = YES;
				CLANG_WARN_INFINITE_RECURSION = YES;
				CLANG_WARN_INT_CONVERSION = YES;
				CLANG_WARN_NON_LITERAL_NULL_CONVERSION = YES;
				CLANG_WARN_OBJC_IMPLICIT_RETAIN_SELF = YES;
				CLANG_WARN_OBJC_LITERAL_CONVERSION = YES;
				CLANG_WARN_OBJC_ROOT_CLASS = YES_ERROR;
				CLANG_WARN_RANGE_LOOP_ANALYSIS = YES;
				CLANG_WARN_STRICT_PROTOTYPES = YES;
				CLANG_WARN_SUSPICIOUS_MOVE = YES;
				CLANG_WARN_UNGUARDED_AVAILABILITY = YES_AGGRESSIVE;
				CLANG_WARN_UNREACHABLE_CODE = YES;
				CLANG_WARN__DUPLICATE_METHOD_MATCH = YES;
				CODE_SIGN_IDENTITY = "iPhone Developer";
				COPY_PHASE_STRIP = NO;
				DEBUG_INFORMATION_FORMAT = dwarf;
				ENABLE_STRICT_OBJC_MSGSEND = YES;
				ENABLE_TESTABILITY = YES;
				GCC_C_LANGUAGE_STANDARD = gnu11;
				GCC_DYNAMIC_NO_PIC = NO;
				GCC_NO_COMMON_BLOCKS = YES;
				GCC_OPTIMIZATION_LEVEL = 0;
				GCC_PREPROCESSOR_DEFINITIONS = (
					"DEBUG=1",
					"$(inherited)",
				);
				GCC_WARN_64_TO_32_BIT_CONVERSION = YES;
				GCC_WARN_ABOUT_RETURN_TYPE = YES_ERROR;
				GCC_WARN_UNDECLARED_SELECTOR = YES;
				GCC_WARN_UNINITIALIZED_AUTOS = YES_AGGRESSIVE;
				GCC_WARN_UNUSED_FUNCTION = YES;
				GCC_WARN_UNUSED_VARIABLE = YES;
				IPHONEOS_DEPLOYMENT_TARGET = 12.1;
				MTL_ENABLE_DEBUG_INFO = INCLUDE_SOURCE;
				MTL_FAST_MATH = YES;
				ONLY_ACTIVE_ARCH = YES;
				SDKROOT = iphoneos;
				SWIFT_ACTIVE_COMPILATION_CONDITIONS = DEBUG;
				SWIFT_OPTIMIZATION_LEVEL = "-Onone";
			};
			name = Debug;
		};
		889152EC223AC8AD00A094BC /* Release */ = {
			isa = XCBuildConfiguration;
			buildSettings = {
				ALWAYS_SEARCH_USER_PATHS = NO;
				CLANG_ANALYZER_NONNULL = YES;
				CLANG_ANALYZER_NUMBER_OBJECT_CONVERSION = YES_AGGRESSIVE;
				CLANG_CXX_LANGUAGE_STANDARD = "gnu++14";
				CLANG_CXX_LIBRARY = "libc++";
				CLANG_ENABLE_MODULES = YES;
				CLANG_ENABLE_OBJC_ARC = YES;
				CLANG_ENABLE_OBJC_WEAK = YES;
				CLANG_WARN_BLOCK_CAPTURE_AUTORELEASING = YES;
				CLANG_WARN_BOOL_CONVERSION = YES;
				CLANG_WARN_COMMA = YES;
				CLANG_WARN_CONSTANT_CONVERSION = YES;
				CLANG_WARN_DEPRECATED_OBJC_IMPLEMENTATIONS = YES;
				CLANG_WARN_DIRECT_OBJC_ISA_USAGE = YES_ERROR;
				CLANG_WARN_DOCUMENTATION_COMMENTS = YES;
				CLANG_WARN_EMPTY_BODY = YES;
				CLANG_WARN_ENUM_CONVERSION = YES;
				CLANG_WARN_INFINITE_RECURSION = YES;
				CLANG_WARN_INT_CONVERSION = YES;
				CLANG_WARN_NON_LITERAL_NULL_CONVERSION = YES;
				CLANG_WARN_OBJC_IMPLICIT_RETAIN_SELF = YES;
				CLANG_WARN_OBJC_LITERAL_CONVERSION = YES;
				CLANG_WARN_OBJC_ROOT_CLASS = YES_ERROR;
				CLANG_WARN_RANGE_LOOP_ANALYSIS = YES;
				CLANG_WARN_STRICT_PROTOTYPES = YES;
				CLANG_WARN_SUSPICIOUS_MOVE = YES;
				CLANG_WARN_UNGUARDED_AVAILABILITY = YES_AGGRESSIVE;
				CLANG_WARN_UNREACHABLE_CODE = YES;
				CLANG_WARN__DUPLICATE_METHOD_MATCH = YES;
				CODE_SIGN_IDENTITY = "iPhone Developer";
				COPY_PHASE_STRIP = NO;
				DEBUG_INFORMATION_FORMAT = "dwarf-with-dsym";
				ENABLE_NS_ASSERTIONS = NO;
				ENABLE_STRICT_OBJC_MSGSEND = YES;
				GCC_C_LANGUAGE_STANDARD = gnu11;
				GCC_NO_COMMON_BLOCKS = YES;
				GCC_WARN_64_TO_32_BIT_CONVERSION = YES;
				GCC_WARN_ABOUT_RETURN_TYPE = YES_ERROR;
				GCC_WARN_UNDECLARED_SELECTOR = YES;
				GCC_WARN_UNINITIALIZED_AUTOS = YES_AGGRESSIVE;
				GCC_WARN_UNUSED_FUNCTION = YES;
				GCC_WARN_UNUSED_VARIABLE = YES;
				IPHONEOS_DEPLOYMENT_TARGET = 12.1;
				MTL_ENABLE_DEBUG_INFO = NO;
				MTL_FAST_MATH = YES;
				SDKROOT = iphoneos;
				SWIFT_COMPILATION_MODE = wholemodule;
				SWIFT_OPTIMIZATION_LEVEL = "-O";
				VALIDATE_PRODUCT = YES;
			};
			name = Release;
		};
		889152EE223AC8AD00A094BC /* Debug */ = {
			isa = XCBuildConfiguration;
			buildSettings = {
				ASSETCATALOG_COMPILER_APPICON_NAME = AppIcon;
				CODE_SIGN_STYLE = Automatic;
				DEVELOPMENT_TEAM = S2BEC8V882;
				INFOPLIST_FILE = MediaMonksTest/Info.plist;
				LD_RUNPATH_SEARCH_PATHS = (
					"$(inherited)",
					"@executable_path/Frameworks",
				);
				PRODUCT_BUNDLE_IDENTIFIER = ddg.MediaMonksTest;
				PRODUCT_NAME = "$(TARGET_NAME)";
				SWIFT_VERSION = 4.2;
				TARGETED_DEVICE_FAMILY = "1,2";
			};
			name = Debug;
		};
		889152EF223AC8AD00A094BC /* Release */ = {
			isa = XCBuildConfiguration;
			buildSettings = {
				ASSETCATALOG_COMPILER_APPICON_NAME = AppIcon;
				CODE_SIGN_STYLE = Automatic;
				DEVELOPMENT_TEAM = S2BEC8V882;
				INFOPLIST_FILE = MediaMonksTest/Info.plist;
				LD_RUNPATH_SEARCH_PATHS = (
					"$(inherited)",
					"@executable_path/Frameworks",
				);
				PRODUCT_BUNDLE_IDENTIFIER = ddg.MediaMonksTest;
				PRODUCT_NAME = "$(TARGET_NAME)";
				SWIFT_VERSION = 4.2;
				TARGETED_DEVICE_FAMILY = "1,2";
			};
			name = Release;
		};
/* End XCBuildConfiguration section */

/* Begin XCConfigurationList section */
		889152D6223AC8AB00A094BC /* Build configuration list for PBXProject "MediaMonksTest" */ = {
			isa = XCConfigurationList;
			buildConfigurations = (
				889152EB223AC8AD00A094BC /* Debug */,
				889152EC223AC8AD00A094BC /* Release */,
			);
			defaultConfigurationIsVisible = 0;
			defaultConfigurationName = Release;
		};
		889152ED223AC8AD00A094BC /* Build configuration list for PBXNativeTarget "MediaMonksTest" */ = {
			isa = XCConfigurationList;
			buildConfigurations = (
				889152EE223AC8AD00A094BC /* Debug */,
				889152EF223AC8AD00A094BC /* Release */,
			);
			defaultConfigurationIsVisible = 0;
			defaultConfigurationName = Release;
		};
/* End XCConfigurationList section */
	};
	rootObject = 889152D3223AC8AB00A094BC /* Project object */;
}
